
Microsoft Visual Studio Solution File, Format Version 12.00
# Visual Studio Version 17
VisualStudioVersion = 17.13.35913.81 d17.13
MinimumVisualStudioVersion = 10.0.40219.1
Project("{FAE04EC0-301F-11D3-BF4B-00C04F79EFBC}") = "DobissConnectorService", "DobissConnectorService\DobissConnectorService.csproj", "{24F0563E-0019-41DD-9160-E241492D13A8}"
EndProject
Global
	GlobalSection(SolutionConfigurationPlatforms) = preSolution
		Debug|Any CPU = Debug|Any CPU
		Release|Any CPU = Release|Any CPU
	EndGlobalSection
	GlobalSection(ProjectConfigurationPlatforms) = postSolution
		{24F0563E-0019-41DD-9160-E241492D13A8}.Debug|Any CPU.ActiveCfg = Debug|Any CPU
		{24F0563E-0019-41DD-9160-E241492D13A8}.Debug|Any CPU.Build.0 = Debug|Any CPU
		{24F0563E-0019-41DD-9160-E241492D13A8}.Release|Any CPU.ActiveCfg = Release|Any CPU
		{24F0563E-0019-41DD-9160-E241492D13A8}.Release|Any CPU.Build.0 = Release|Any CPU
	EndGlobalSection
	GlobalSection(SolutionProperties) = preSolution
		HideSolutionNode = FALSE
	EndGlobalSection
	GlobalSection(ExtensibilityGlobals) = postSolution
		SolutionGuid = {24923622-C1A0-4EFB-9368-293056F3EA43}
	EndGlobalSection
EndGlobal
